// !$*UTF8*$!
{
	archiveVersion = 1;
	classes = {
	};
	objectVersion = 46;
	objects = {

/* Begin PBXBuildFile section */
		1A8A14121B5723C100B3B46D /* AppDelegate.swift in Sources */ = {isa = PBXBuildFile; fileRef = 1A8A14111B5723C100B3B46D /* AppDelegate.swift */; };
		1A8A14141B5723C100B3B46D /* PlaylistMasterViewController.swift in Sources */ = {isa = PBXBuildFile; fileRef = 1A8A14131B5723C100B3B46D /* PlaylistMasterViewController.swift */; };
		1A8A14171B5723C100B3B46D /* Main.storyboard in Resources */ = {isa = PBXBuildFile; fileRef = 1A8A14151B5723C100B3B46D /* Main.storyboard */; };
		1A8A14191B5723C100B3B46D /* Assets.xcassets in Resources */ = {isa = PBXBuildFile; fileRef = 1A8A14181B5723C100B3B46D /* Assets.xcassets */; };
		1A8A141C1B5723C100B3B46D /* LaunchScreen.storyboard in Resources */ = {isa = PBXBuildFile; fileRef = 1A8A141A1B5723C100B3B46D /* LaunchScreen.storyboard */; };
		1A8A14271B5723C100B3B46D /* AlgorhythmTests.swift in Sources */ = {isa = PBXBuildFile; fileRef = 1A8A14261B5723C100B3B46D /* AlgorhythmTests.swift */; };
		1A8A14321B5723C100B3B46D /* AlgorhythmUITests.swift in Sources */ = {isa = PBXBuildFile; fileRef = 1A8A14311B5723C100B3B46D /* AlgorhythmUITests.swift */; };
		1A8A14401B5730C700B3B46D /* PlaylistDetailViewController.swift in Sources */ = {isa = PBXBuildFile; fileRef = 1A8A143F1B5730C700B3B46D /* PlaylistDetailViewController.swift */; };
		1A8A14421B587E7200B3B46D /* MusicLibrary.swift in Sources */ = {isa = PBXBuildFile; fileRef = 1A8A14411B587E7200B3B46D /* MusicLibrary.swift */; };
		1A8A14441B587F6700B3B46D /* Playlist.swift in Sources */ = {isa = PBXBuildFile; fileRef = 1A8A14431B587F6700B3B46D /* Playlist.swift */; };
/* End PBXBuildFile section */

/* Begin PBXContainerItemProxy section */
		1A8A14231B5723C100B3B46D /* PBXContainerItemProxy */ = {
			isa = PBXContainerItemProxy;
			containerPortal = 1A8A14061B5723C100B3B46D /* Project object */;
			proxyType = 1;
			remoteGlobalIDString = 1A8A140D1B5723C100B3B46D;
			remoteInfo = Algorhythm;
		};
		1A8A142E1B5723C100B3B46D /* PBXContainerItemProxy */ = {
			isa = PBXContainerItemProxy;
			containerPortal = 1A8A14061B5723C100B3B46D /* Project object */;
			proxyType = 1;
			remoteGlobalIDString = 1A8A140D1B5723C100B3B46D;
			remoteInfo = Algorhythm;
		};
/* End PBXContainerItemProxy section */

/* Begin PBXFileReference section */
		1A8A140E1B5723C100B3B46D /* Algorhythm.app */ = {isa = PBXFileReference; explicitFileType = wrapper.application; includeInIndex = 0; path = Algorhythm.app; sourceTree = BUILT_PRODUCTS_DIR; };
		1A8A14111B5723C100B3B46D /* AppDelegate.swift */ = {isa = PBXFileReference; lastKnownFileType = sourcecode.swift; path = AppDelegate.swift; sourceTree = "<group>"; };
		1A8A14131B5723C100B3B46D /* PlaylistMasterViewController.swift */ = {isa = PBXFileReference; lastKnownFileType = sourcecode.swift; path = PlaylistMasterViewController.swift; sourceTree = "<group>"; };
		1A8A14161B5723C100B3B46D /* Base */ = {isa = PBXFileReference; lastKnownFileType = file.storyboard; name = Base; path = Base.lproj/Main.storyboard; sourceTree = "<group>"; };
		1A8A14181B5723C100B3B46D /* Assets.xcassets */ = {isa = PBXFileReference; lastKnownFileType = folder.assetcatalog; path = Assets.xcassets; sourceTree = "<group>"; };
		1A8A141B1B5723C100B3B46D /* Base */ = {isa = PBXFileReference; lastKnownFileType = file.storyboard; name = Base; path = Base.lproj/LaunchScreen.storyboard; sourceTree = "<group>"; };
		1A8A141D1B5723C100B3B46D /* Info.plist */ = {isa = PBXFileReference; lastKnownFileType = text.plist.xml; path = Info.plist; sourceTree = "<group>"; };
		1A8A14221B5723C100B3B46D /* AlgorhythmTests.xctest */ = {isa = PBXFileReference; explicitFileType = wrapper.cfbundle; includeInIndex = 0; path = AlgorhythmTests.xctest; sourceTree = BUILT_PRODUCTS_DIR; };
		1A8A14261B5723C100B3B46D /* AlgorhythmTests.swift */ = {isa = PBXFileReference; lastKnownFileType = sourcecode.swift; path = AlgorhythmTests.swift; sourceTree = "<group>"; };
		1A8A14281B5723C100B3B46D /* Info.plist */ = {isa = PBXFileReference; lastKnownFileType = text.plist.xml; path = Info.plist; sourceTree = "<group>"; };
		1A8A142D1B5723C100B3B46D /* AlgorhythmUITests.xctest */ = {isa = PBXFileReference; explicitFileType = wrapper.cfbundle; includeInIndex = 0; path = AlgorhythmUITests.xctest; sourceTree = BUILT_PRODUCTS_DIR; };
		1A8A14311B5723C100B3B46D /* AlgorhythmUITests.swift */ = {isa = PBXFileReference; lastKnownFileType = sourcecode.swift; path = AlgorhythmUITests.swift; sourceTree = "<group>"; };
		1A8A14331B5723C100B3B46D /* Info.plist */ = {isa = PBXFileReference; lastKnownFileType = text.plist.xml; path = Info.plist; sourceTree = "<group>"; };
		1A8A143F1B5730C700B3B46D /* PlaylistDetailViewController.swift */ = {isa = PBXFileReference; fileEncoding = 4; lastKnownFileType = sourcecode.swift; path = PlaylistDetailViewController.swift; sourceTree = "<group>"; };
		1A8A14411B587E7200B3B46D /* MusicLibrary.swift */ = {isa = PBXFileReference; fileEncoding = 4; lastKnownFileType = sourcecode.swift; path = MusicLibrary.swift; sourceTree = "<group>"; };
		1A8A14431B587F6700B3B46D /* Playlist.swift */ = {isa = PBXFileReference; fileEncoding = 4; lastKnownFileType = sourcecode.swift; path = Playlist.swift; sourceTree = "<group>"; };
/* End PBXFileReference section */

/* Begin PBXFrameworksBuildPhase section */
		1A8A140B1B5723C100B3B46D /* Frameworks */ = {
			isa = PBXFrameworksBuildPhase;
			buildActionMask = 2147483647;
			files = (
			);
			runOnlyForDeploymentPostprocessing = 0;
		};
		1A8A141F1B5723C100B3B46D /* Frameworks */ = {
			isa = PBXFrameworksBuildPhase;
			buildActionMask = 2147483647;
			files = (
			);
			runOnlyForDeploymentPostprocessing = 0;
		};
		1A8A142A1B5723C100B3B46D /* Frameworks */ = {
			isa = PBXFrameworksBuildPhase;
			buildActionMask = 2147483647;
			files = (
			);
			runOnlyForDeploymentPostprocessing = 0;
		};
/* End PBXFrameworksBuildPhase section */

/* Begin PBXGroup section */
		1A8A14051B5723C100B3B46D = {
			isa = PBXGroup;
			children = (
				1A8A14101B5723C100B3B46D /* Algorhythm */,
				1A8A14251B5723C100B3B46D /* AlgorhythmTests */,
				1A8A14301B5723C100B3B46D /* AlgorhythmUITests */,
				1A8A140F1B5723C100B3B46D /* Products */,
			);
			sourceTree = "<group>";
		};
		1A8A140F1B5723C100B3B46D /* Products */ = {
			isa = PBXGroup;
			children = (
				1A8A140E1B5723C100B3B46D /* Algorhythm.app */,
				1A8A14221B5723C100B3B46D /* AlgorhythmTests.xctest */,
				1A8A142D1B5723C100B3B46D /* AlgorhythmUITests.xctest */,
			);
			name = Products;
			sourceTree = "<group>";
		};
		1A8A14101B5723C100B3B46D /* Algorhythm */ = {
			isa = PBXGroup;
			children = (
				1A8A14111B5723C100B3B46D /* AppDelegate.swift */,
				1A8A14131B5723C100B3B46D /* PlaylistMasterViewController.swift */,
				1A8A143F1B5730C700B3B46D /* PlaylistDetailViewController.swift */,
				1A8A14151B5723C100B3B46D /* Main.storyboard */,
				1A8A14411B587E7200B3B46D /* MusicLibrary.swift */,
				1A8A14431B587F6700B3B46D /* Playlist.swift */,
				1A8A14181B5723C100B3B46D /* Assets.xcassets */,
				1A8A141A1B5723C100B3B46D /* LaunchScreen.storyboard */,
				1A8A141D1B5723C100B3B46D /* Info.plist */,
			);
			path = Algorhythm;
			sourceTree = "<group>";
		};
		1A8A14251B5723C100B3B46D /* AlgorhythmTests */ = {
			isa = PBXGroup;
			children = (
				1A8A14261B5723C100B3B46D /* AlgorhythmTests.swift */,
				1A8A14281B5723C100B3B46D /* Info.plist */,
			);
			path = AlgorhythmTests;
			sourceTree = "<group>";
		};
		1A8A14301B5723C100B3B46D /* AlgorhythmUITests */ = {
			isa = PBXGroup;
			children = (
				1A8A14311B5723C100B3B46D /* AlgorhythmUITests.swift */,
				1A8A14331B5723C100B3B46D /* Info.plist */,
			);
			path = AlgorhythmUITests;
			sourceTree = "<group>";
		};
/* End PBXGroup section */

/* Begin PBXNativeTarget section */
		1A8A140D1B5723C100B3B46D /* Algorhythm */ = {
			isa = PBXNativeTarget;
			buildConfigurationList = 1A8A14361B5723C100B3B46D /* Build configuration list for PBXNativeTarget "Algorhythm" */;
			buildPhases = (
				1A8A140A1B5723C100B3B46D /* Sources */,
				1A8A140B1B5723C100B3B46D /* Frameworks */,
				1A8A140C1B5723C100B3B46D /* Resources */,
			);
			buildRules = (
			);
			dependencies = (
			);
			name = Algorhythm;
			productName = Algorhythm;
			productReference = 1A8A140E1B5723C100B3B46D /* Algorhythm.app */;
			productType = "com.apple.product-type.application";
		};
		1A8A14211B5723C100B3B46D /* AlgorhythmTests */ = {
			isa = PBXNativeTarget;
			buildConfigurationList = 1A8A14391B5723C100B3B46D /* Build configuration list for PBXNativeTarget "AlgorhythmTests" */;
			buildPhases = (
				1A8A141E1B5723C100B3B46D /* Sources */,
				1A8A141F1B5723C100B3B46D /* Frameworks */,
				1A8A14201B5723C100B3B46D /* Resources */,
			);
			buildRules = (
			);
			dependencies = (
				1A8A14241B5723C100B3B46D /* PBXTargetDependency */,
			);
			name = AlgorhythmTests;
			productName = AlgorhythmTests;
			productReference = 1A8A14221B5723C100B3B46D /* AlgorhythmTests.xctest */;
			productType = "com.apple.product-type.bundle.unit-test";
		};
		1A8A142C1B5723C100B3B46D /* AlgorhythmUITests */ = {
			isa = PBXNativeTarget;
			buildConfigurationList = 1A8A143C1B5723C100B3B46D /* Build configuration list for PBXNativeTarget "AlgorhythmUITests" */;
			buildPhases = (
				1A8A14291B5723C100B3B46D /* Sources */,
				1A8A142A1B5723C100B3B46D /* Frameworks */,
				1A8A142B1B5723C100B3B46D /* Resources */,
			);
			buildRules = (
			);
			dependencies = (
				1A8A142F1B5723C100B3B46D /* PBXTargetDependency */,
			);
			name = AlgorhythmUITests;
			productName = AlgorhythmUITests;
			productReference = 1A8A142D1B5723C100B3B46D /* AlgorhythmUITests.xctest */;
			productType = "com.apple.product-type.bundle.ui-testing";
		};
/* End PBXNativeTarget section */

/* Begin PBXProject section */
		1A8A14061B5723C100B3B46D /* Project object */ = {
			isa = PBXProject;
			attributes = {
				LastUpgradeCheck = 0700;
				ORGANIZATIONNAME = noun;
				TargetAttributes = {
					1A8A140D1B5723C100B3B46D = {
						CreatedOnToolsVersion = 7.0;
					};
					1A8A14211B5723C100B3B46D = {
						CreatedOnToolsVersion = 7.0;
						TestTargetID = 1A8A140D1B5723C100B3B46D;
					};
					1A8A142C1B5723C100B3B46D = {
						CreatedOnToolsVersion = 7.0;
						TestTargetID = 1A8A140D1B5723C100B3B46D;
					};
				};
			};
			buildConfigurationList = 1A8A14091B5723C100B3B46D /* Build configuration list for PBXProject "Algorhythm" */;
			compatibilityVersion = "Xcode 3.2";
			developmentRegion = English;
			hasScannedForEncodings = 0;
			knownRegions = (
				en,
				Base,
			);
			mainGroup = 1A8A14051B5723C100B3B46D;
			productRefGroup = 1A8A140F1B5723C100B3B46D /* Products */;
			projectDirPath = "";
			projectRoot = "";
			targets = (
				1A8A140D1B5723C100B3B46D /* Algorhythm */,
				1A8A14211B5723C100B3B46D /* AlgorhythmTests */,
				1A8A142C1B5723C100B3B46D /* AlgorhythmUITests */,
			);
		};
/* End PBXProject section */

/* Begin PBXResourcesBuildPhase section */
		1A8A140C1B5723C100B3B46D /* Resources */ = {
			isa = PBXResourcesBuildPhase;
			buildActionMask = 2147483647;
			files = (
				1A8A141C1B5723C100B3B46D /* LaunchScreen.storyboard in Resources */,
				1A8A14191B5723C100B3B46D /* Assets.xcassets in Resources */,
				1A8A14171B5723C100B3B46D /* Main.storyboard in Resources */,
			);
			runOnlyForDeploymentPostprocessing = 0;
		};
		1A8A14201B5723C100B3B46D /* Resources */ = {
			isa = PBXResourcesBuildPhase;
			buildActionMask = 2147483647;
			files = (
			);
			runOnlyForDeploymentPostprocessing = 0;
		};
		1A8A142B1B5723C100B3B46D /* Resources */ = {
			isa = PBXResourcesBuildPhase;
			buildActionMask = 2147483647;
			files = (
			);
			runOnlyForDeploymentPostprocessing = 0;
		};
/* End PBXResourcesBuildPhase section */

/* Begin PBXSourcesBuildPhase section */
		1A8A140A1B5723C100B3B46D /* Sources */ = {
			isa = PBXSourcesBuildPhase;
			buildActionMask = 2147483647;
			files = (
				1A8A14401B5730C700B3B46D /* PlaylistDetailViewController.swift in Sources */,
				1A8A14141B5723C100B3B46D /* PlaylistMasterViewController.swift in Sources */,
				1A8A14121B5723C100B3B46D /* AppDelegate.swift in Sources */,
				1A8A14421B587E7200B3B46D /* MusicLibrary.swift in Sources */,
				1A8A14441B587F6700B3B46D /* Playlist.swift in Sources */,
			);
			runOnlyForDeploymentPostprocessing = 0;
		};
		1A8A141E1B5723C100B3B46D /* Sources */ = {
			isa = PBXSourcesBuildPhase;
			buildActionMask = 2147483647;
			files = (
				1A8A14271B5723C100B3B46D /* AlgorhythmTests.swift in Sources */,
			);
			runOnlyForDeploymentPostprocessing = 0;
		};
		1A8A14291B5723C100B3B46D /* Sources */ = {
			isa = PBXSourcesBuildPhase;
			buildActionMask = 2147483647;
			files = (
				1A8A14321B5723C100B3B46D /* AlgorhythmUITests.swift in Sources */,
			);
			runOnlyForDeploymentPostprocessing = 0;
		};
/* End PBXSourcesBuildPhase section */

/* Begin PBXTargetDependency section */
		1A8A14241B5723C100B3B46D /* PBXTargetDependency */ = {
			isa = PBXTargetDependency;
			target = 1A8A140D1B5723C100B3B46D /* Algorhythm */;
			targetProxy = 1A8A14231B5723C100B3B46D /* PBXContainerItemProxy */;
		};
		1A8A142F1B5723C100B3B46D /* PBXTargetDependency */ = {
			isa = PBXTargetDependency;
			target = 1A8A140D1B5723C100B3B46D /* Algorhythm */;
			targetProxy = 1A8A142E1B5723C100B3B46D /* PBXContainerItemProxy */;
		};
/* End PBXTargetDependency section */

/* Begin PBXVariantGroup section */
		1A8A14151B5723C100B3B46D /* Main.storyboard */ = {
			isa = PBXVariantGroup;
			children = (
				1A8A14161B5723C100B3B46D /* Base */,
			);
			name = Main.storyboard;
			sourceTree = "<group>";
		};
		1A8A141A1B5723C100B3B46D /* LaunchScreen.storyboard */ = {
			isa = PBXVariantGroup;
			children = (
				1A8A141B1B5723C100B3B46D /* Base */,
			);
			name = LaunchScreen.storyboard;
			sourceTree = "<group>";
		};
/* End PBXVariantGroup section */

/* Begin XCBuildConfiguration section */
		1A8A14341B5723C100B3B46D /* Debug */ = {
			isa = XCBuildConfiguration;
			buildSettings = {
				ALWAYS_SEARCH_USER_PATHS = NO;
				CLANG_CXX_LANGUAGE_STANDARD = "gnu++0x";
				CLANG_CXX_LIBRARY = "libc++";
				CLANG_ENABLE_MODULES = YES;
				CLANG_ENABLE_OBJC_ARC = YES;
				CLANG_WARN_BOOL_CONVERSION = YES;
				CLANG_WARN_CONSTANT_CONVERSION = YES;
				CLANG_WARN_DIRECT_OBJC_ISA_USAGE = YES_ERROR;
				CLANG_WARN_EMPTY_BODY = YES;
				CLANG_WARN_ENUM_CONVERSION = YES;
				CLANG_WARN_INT_CONVERSION = YES;
				CLANG_WARN_OBJC_ROOT_CLASS = YES_ERROR;
				CLANG_WARN_UNREACHABLE_CODE = YES;
				CLANG_WARN__DUPLICATE_METHOD_MATCH = YES;
				"CODE_SIGN_IDENTITY[sdk=iphoneos*]" = "iPhone Developer";
				COPY_PHASE_STRIP = NO;
				DEBUG_INFORMATION_FORMAT = dwarf;
				ENABLE_STRICT_OBJC_MSGSEND = YES;
				ENABLE_TESTABILITY = YES;
				GCC_C_LANGUAGE_STANDARD = gnu99;
				GCC_DYNAMIC_NO_PIC = NO;
				GCC_NO_COMMON_BLOCKS = YES;
				GCC_OPTIMIZATION_LEVEL = 0;
				GCC_PREPROCESSOR_DEFINITIONS = (
					"DEBUG=1",
					"$(inherited)",
				);
				GCC_WARN_64_TO_32_BIT_CONVERSION = YES;
				GCC_WARN_ABOUT_RETURN_TYPE = YES_ERROR;
				GCC_WARN_UNDECLARED_SELECTOR = YES;
				GCC_WARN_UNINITIALIZED_AUTOS = YES_AGGRESSIVE;
				GCC_WARN_UNUSED_FUNCTION = YES;
				GCC_WARN_UNUSED_VARIABLE = YES;
				IPHONEOS_DEPLOYMENT_TARGET = 9.0;
				MTL_ENABLE_DEBUG_INFO = YES;
				ONLY_ACTIVE_ARCH = YES;
				SDKROOT = iphoneos;
				SWIFT_OPTIMIZATION_LEVEL = "-Onone";
				TARGETED_DEVICE_FAMILY = "1,2";
			};
			name = Debug;
		};
		1A8A14351B5723C100B3B46D /* Release */ = {
			isa = XCBuildConfiguration;
			buildSettings = {
				ALWAYS_SEARCH_USER_PATHS = NO;
				CLANG_CXX_LANGUAGE_STANDARD = "gnu++0x";
				CLANG_CXX_LIBRARY = "libc++";
				CLANG_ENABLE_MODULES = YES;
				CLANG_ENABLE_OBJC_ARC = YES;
				CLANG_WARN_BOOL_CONVERSION = YES;
				CLANG_WARN_CONSTANT_CONVERSION = YES;
				CLANG_WARN_DIRECT_OBJC_ISA_USAGE = YES_ERROR;
				CLANG_WARN_EMPTY_BODY = YES;
				CLANG_WARN_ENUM_CONVERSION = YES;
				CLANG_WARN_INT_CONVERSION = YES;
				CLANG_WARN_OBJC_ROOT_CLASS = YES_ERROR;
				CLANG_WARN_UNREACHABLE_CODE = YES;
				CLANG_WARN__DUPLICATE_METHOD_MATCH = YES;
				"CODE_SIGN_IDENTITY[sdk=iphoneos*]" = "iPhone Developer";
				COPY_PHASE_STRIP = NO;
				DEBUG_INFORMATION_FORMAT = "dwarf-with-dsym";
				ENABLE_NS_ASSERTIONS = NO;
				ENABLE_STRICT_OBJC_MSGSEND = YES;
				GCC_C_LANGUAGE_STANDARD = gnu99;
				GCC_NO_COMMON_BLOCKS = YES;
				GCC_WARN_64_TO_32_BIT_CONVERSION = YES;
				GCC_WARN_ABOUT_RETURN_TYPE = YES_ERROR;
				GCC_WARN_UNDECLARED_SELECTOR = YES;
				GCC_WARN_UNINITIALIZED_AUTOS = YES_AGGRESSIVE;
				GCC_WARN_UNUSED_FUNCTION = YES;
				GCC_WARN_UNUSED_VARIABLE = YES;
				IPHONEOS_DEPLOYMENT_TARGET = 9.0;
				MTL_ENABLE_DEBUG_INFO = NO;
				SDKROOT = iphoneos;
				TARGETED_DEVICE_FAMILY = "1,2";
				VALIDATE_PRODUCT = YES;
			};
			name = Release;
		};
		1A8A14371B5723C100B3B46D /* Debug */ = {
			isa = XCBuildConfiguration;
			buildSettings = {
				ASSETCATALOG_COMPILER_APPICON_NAME = AppIcon;
				INFOPLIST_FILE = Algorhythm/Info.plist;
				LD_RUNPATH_SEARCH_PATHS = "$(inherited) @executable_path/Frameworks";
				PRODUCT_BUNDLE_IDENTIFIER = com.meinc.Algorhythm;
				PRODUCT_NAME = "$(TARGET_NAME)";
			};
			name = Debug;
		};
		1A8A14381B5723C100B3B46D /* Release */ = {
			isa = XCBuildConfiguration;
			buildSettings = {
				ASSETCATALOG_COMPILER_APPICON_NAME = AppIcon;
				INFOPLIST_FILE = Algorhythm/Info.plist;
				LD_RUNPATH_SEARCH_PATHS = "$(inherited) @executable_path/Frameworks";
				PRODUCT_BUNDLE_IDENTIFIER = com.meinc.Algorhythm;
				PRODUCT_NAME = "$(TARGET_NAME)";
			};
			name = Release;
		};
		1A8A143A1B5723C100B3B46D /* Debug */ = {
			isa = XCBuildConfiguration;
			buildSettings = {
				BUNDLE_LOADER = "$(TEST_HOST)";
				INFOPLIST_FILE = AlgorhythmTests/Info.plist;
				LD_RUNPATH_SEARCH_PATHS = "$(inherited) @executable_path/Frameworks @loader_path/Frameworks";
				PRODUCT_BUNDLE_IDENTIFIER = com.meinc.AlgorhythmTests;
				PRODUCT_NAME = "$(TARGET_NAME)";
				TEST_HOST = "$(BUILT_PRODUCTS_DIR)/Algorhythm.app/Algorhythm";
			};
			name = Debug;
		};
		1A8A143B1B5723C100B3B46D /* Release */ = {
			isa = XCBuildConfiguration;
			buildSettings = {
				BUNDLE_LOADER = "$(TEST_HOST)";
				INFOPLIST_FILE = AlgorhythmTests/Info.plist;
				LD_RUNPATH_SEARCH_PATHS = "$(inherited) @executable_path/Frameworks @loader_path/Frameworks";
				PRODUCT_BUNDLE_IDENTIFIER = com.meinc.AlgorhythmTests;
				PRODUCT_NAME = "$(TARGET_NAME)";
				TEST_HOST = "$(BUILT_PRODUCTS_DIR)/Algorhythm.app/Algorhythm";
			};
			name = Release;
		};
		1A8A143D1B5723C100B3B46D /* Debug */ = {
			isa = XCBuildConfiguration;
			buildSettings = {
				INFOPLIST_FILE = AlgorhythmUITests/Info.plist;
				LD_RUNPATH_SEARCH_PATHS = "$(inherited) @executable_path/Frameworks @loader_path/Frameworks";
				PRODUCT_BUNDLE_IDENTIFIER = com.meinc.AlgorhythmUITests;
				PRODUCT_NAME = "$(TARGET_NAME)";
				TEST_TARGET_NAME = Algorhythm;
				USES_XCTRUNNER = YES;
			};
			name = Debug;
		};
		1A8A143E1B5723C100B3B46D /* Release */ = {
			isa = XCBuildConfiguration;
			buildSettings = {
				INFOPLIST_FILE = AlgorhythmUITests/Info.plist;
				LD_RUNPATH_SEARCH_PATHS = "$(inherited) @executable_path/Frameworks @loader_path/Frameworks";
				PRODUCT_BUNDLE_IDENTIFIER = com.meinc.AlgorhythmUITests;
				PRODUCT_NAME = "$(TARGET_NAME)";
				TEST_TARGET_NAME = Algorhythm;
				USES_XCTRUNNER = YES;
			};
			name = Release;
		};
/* End XCBuildConfiguration section */

/* Begin XCConfigurationList section */
		1A8A14091B5723C100B3B46D /* Build configuration list for PBXProject "Algorhythm" */ = {
			isa = XCConfigurationList;
			buildConfigurations = (
				1A8A14341B5723C100B3B46D /* Debug */,
				1A8A14351B5723C100B3B46D /* Release */,
			);
			defaultConfigurationIsVisible = 0;
			defaultConfigurationName = Release;
		};
		1A8A14361B5723C100B3B46D /* Build configuration list for PBXNativeTarget "Algorhythm" */ = {
			isa = XCConfigurationList;
			buildConfigurations = (
				1A8A14371B5723C100B3B46D /* Debug */,
				1A8A14381B5723C100B3B46D /* Release */,
			);
			defaultConfigurationIsVisible = 0;
		};
		1A8A14391B5723C100B3B46D /* Build configuration list for PBXNativeTarget "AlgorhythmTests" */ = {
			isa = XCConfigurationList;
			buildConfigurations = (
				1A8A143A1B5723C100B3B46D /* Debug */,
				1A8A143B1B5723C100B3B46D /* Release */,
			);
			defaultConfigurationIsVisible = 0;
		};
		1A8A143C1B5723C100B3B46D /* Build configuration list for PBXNativeTarget "AlgorhythmUITests" */ = {
			isa = XCConfigurationList;
			buildConfigurations = (
				1A8A143D1B5723C100B3B46D /* Debug */,
				1A8A143E1B5723C100B3B46D /* Release */,
			);
			defaultConfigurationIsVisible = 0;
		};
/* End XCConfigurationList section */
	};
	rootObject = 1A8A14061B5723C100B3B46D /* Project object */;
}
